
Microsoft Visual Studio Solution File, Format Version 12.00
# Visual Studio Version 17
VisualStudioVersion = 17.3.32804.467
MinimumVisualStudioVersion = 10.0.40219.1
Project("{FAE04EC0-301F-11D3-BF4B-00C04F79EFBC}") = "AltkamulAlteqani.Web", "AltkamulAlteqani.Web\AltkamulAlteqani.Web.csproj", "{B6D45BA2-DF83-483E-AFC0-F6DE4D39EC9E}"
EndProject
Project("{2150E333-8FDC-42A3-9474-1A3956D46DE8}") = "Framework", "Framework", "{1FFB7E6A-0E7A-46E5-843B-41FA3FF74C14}"
EndProject
Project("{FAE04EC0-301F-11D3-BF4B-00C04F79EFBC}") = "BaseRepository", "BaseRepository\BaseRepository.csproj", "{1A8F2678-CC78-4D0F-870C-995D3BFC67E7}"
EndProject
Project("{FAE04EC0-301F-11D3-BF4B-00C04F79EFBC}") = "BaseService", "BaseService\BaseService.csproj", "{3B9225B8-C814-406C-87E6-65C890B9A44F}"
EndProject
Project("{FAE04EC0-301F-11D3-BF4B-00C04F79EFBC}") = "Repository.EF", "Repository.EF\Repository.EF.csproj", "{AA3B0713-9623-47F3-BBA6-11374D7A4ECD}"
EndProject
Project("{FAE04EC0-301F-11D3-BF4B-00C04F79EFBC}") = "AltkamulAlteqani.Entities", "AltkamulAlteqani.Entities\AltkamulAlteqani.Entities.csproj", "{EB1484DB-F569-4621-A455-E10034662213}"
EndProject
Project("{FAE04EC0-301F-11D3-BF4B-00C04F79EFBC}") = "AltkamulAlteqani.Invokers", "AltkamulAlteqani.Invokers\AltkamulAlteqani.Invokers.csproj", "{ABB94444-97E9-45FC-919F-BE6DF8424322}"
EndProject
Global
	GlobalSection(SolutionConfigurationPlatforms) = preSolution
		Debug|Any CPU = Debug|Any CPU
		Release|Any CPU = Release|Any CPU
	EndGlobalSection
	GlobalSection(ProjectConfigurationPlatforms) = postSolution
		{B6D45BA2-DF83-483E-AFC0-F6DE4D39EC9E}.Debug|Any CPU.ActiveCfg = Debug|Any CPU
		{B6D45BA2-DF83-483E-AFC0-F6DE4D39EC9E}.Debug|Any CPU.Build.0 = Debug|Any CPU
		{B6D45BA2-DF83-483E-AFC0-F6DE4D39EC9E}.Release|Any CPU.ActiveCfg = Release|Any CPU
		{B6D45BA2-DF83-483E-AFC0-F6DE4D39EC9E}.Release|Any CPU.Build.0 = Release|Any CPU
		{1A8F2678-CC78-4D0F-870C-995D3BFC67E7}.Debug|Any CPU.ActiveCfg = Debug|Any CPU
		{1A8F2678-CC78-4D0F-870C-995D3BFC67E7}.Debug|Any CPU.Build.0 = Debug|Any CPU
		{1A8F2678-CC78-4D0F-870C-995D3BFC67E7}.Release|Any CPU.ActiveCfg = Release|Any CPU
		{1A8F2678-CC78-4D0F-870C-995D3BFC67E7}.Release|Any CPU.Build.0 = Release|Any CPU
		{3B9225B8-C814-406C-87E6-65C890B9A44F}.Debug|Any CPU.ActiveCfg = Debug|Any CPU
		{3B9225B8-C814-406C-87E6-65C890B9A44F}.Debug|Any CPU.Build.0 = Debug|Any CPU
		{3B9225B8-C814-406C-87E6-65C890B9A44F}.Release|Any CPU.ActiveCfg = Release|Any CPU
		{3B9225B8-C814-406C-87E6-65C890B9A44F}.Release|Any CPU.Build.0 = Release|Any CPU
		{AA3B0713-9623-47F3-BBA6-11374D7A4ECD}.Debug|Any CPU.ActiveCfg = Debug|Any CPU
		{AA3B0713-9623-47F3-BBA6-11374D7A4ECD}.Debug|Any CPU.Build.0 = Debug|Any CPU
		{AA3B0713-9623-47F3-BBA6-11374D7A4ECD}.Release|Any CPU.ActiveCfg = Release|Any CPU
		{AA3B0713-9623-47F3-BBA6-11374D7A4ECD}.Release|Any CPU.Build.0 = Release|Any CPU
		{EB1484DB-F569-4621-A455-E10034662213}.Debug|Any CPU.ActiveCfg = Debug|Any CPU
		{EB1484DB-F569-4621-A455-E10034662213}.Debug|Any CPU.Build.0 = Debug|Any CPU
		{EB1484DB-F569-4621-A455-E10034662213}.Release|Any CPU.ActiveCfg = Release|Any CPU
		{EB1484DB-F569-4621-A455-E10034662213}.Release|Any CPU.Build.0 = Release|Any CPU
		{ABB94444-97E9-45FC-919F-BE6DF8424322}.Debug|Any CPU.ActiveCfg = Debug|Any CPU
		{ABB94444-97E9-45FC-919F-BE6DF8424322}.Debug|Any CPU.Build.0 = Debug|Any CPU
		{ABB94444-97E9-45FC-919F-BE6DF8424322}.Release|Any CPU.ActiveCfg = Release|Any CPU
		{ABB94444-97E9-45FC-919F-BE6DF8424322}.Release|Any CPU.Build.0 = Release|Any CPU
	EndGlobalSection
	GlobalSection(SolutionProperties) = preSolution
		HideSolutionNode = FALSE
	EndGlobalSection
	GlobalSection(NestedProjects) = preSolution
		{1A8F2678-CC78-4D0F-870C-995D3BFC67E7} = {1FFB7E6A-0E7A-46E5-843B-41FA3FF74C14}
		{3B9225B8-C814-406C-87E6-65C890B9A44F} = {1FFB7E6A-0E7A-46E5-843B-41FA3FF74C14}
		{AA3B0713-9623-47F3-BBA6-11374D7A4ECD} = {1FFB7E6A-0E7A-46E5-843B-41FA3FF74C14}
	EndGlobalSection
	GlobalSection(ExtensibilityGlobals) = postSolution
		SolutionGuid = {91725C29-9DC7-4659-9B2C-9EBEAD469F9C}
	EndGlobalSection
EndGlobal
